
Microsoft Visual Studio Solution File, Format Version 12.00
# Visual Studio Version 17
VisualStudioVersion = 17.3.32929.385
MinimumVisualStudioVersion = 10.0.40219.1
Project("{9A19103F-16F7-4668-BE54-9A1E7A4F7556}") = "Chinook", "Chinook\Chinook.csproj", "{4F9CE74D-8572-40F8-B76E-3339126D1CCC}"
EndProject
Project("{2150E333-8FDC-42A3-9474-1A3956D46DE8}") = "Solution", "Solution", "{7AC084AC-FB51-4627-BB36-4C2BF9809895}"
	ProjectSection(SolutionItems) = preProject
		README.md = README.md
	EndProjectSection
EndProject
Project("{9A19103F-16F7-4668-BE54-9A1E7A4F7556}") = "DataLayer", "DataLayer\DataLayer.csproj", "{3F5B25CA-CC0F-481C-8B41-1FBDB02EEEE0}"
EndProject
Project("{FAE04EC0-301F-11D3-BF4B-00C04F79EFBC}") = "ServiceLayer", "ServiceLayer\ServiceLayer.csproj", "{B66734D7-5B6D-4836-B83A-F0808C220642}"
EndProject
Global
	GlobalSection(SolutionConfigurationPlatforms) = preSolution
		Debug|Any CPU = Debug|Any CPU
		Release|Any CPU = Release|Any CPU
	EndGlobalSection
	GlobalSection(ProjectConfigurationPlatforms) = postSolution
		{4F9CE74D-8572-40F8-B76E-3339126D1CCC}.Debug|Any CPU.ActiveCfg = Debug|Any CPU
		{4F9CE74D-8572-40F8-B76E-3339126D1CCC}.Debug|Any CPU.Build.0 = Debug|Any CPU
		{4F9CE74D-8572-40F8-B76E-3339126D1CCC}.Release|Any CPU.ActiveCfg = Release|Any CPU
		{4F9CE74D-8572-40F8-B76E-3339126D1CCC}.Release|Any CPU.Build.0 = Release|Any CPU
		{3F5B25CA-CC0F-481C-8B41-1FBDB02EEEE0}.Debug|Any CPU.ActiveCfg = Debug|Any CPU
		{3F5B25CA-CC0F-481C-8B41-1FBDB02EEEE0}.Debug|Any CPU.Build.0 = Debug|Any CPU
		{3F5B25CA-CC0F-481C-8B41-1FBDB02EEEE0}.Release|Any CPU.ActiveCfg = Release|Any CPU
		{3F5B25CA-CC0F-481C-8B41-1FBDB02EEEE0}.Release|Any CPU.Build.0 = Release|Any CPU
		{B66734D7-5B6D-4836-B83A-F0808C220642}.Debug|Any CPU.ActiveCfg = Debug|Any CPU
		{B66734D7-5B6D-4836-B83A-F0808C220642}.Debug|Any CPU.Build.0 = Debug|Any CPU
		{B66734D7-5B6D-4836-B83A-F0808C220642}.Release|Any CPU.ActiveCfg = Release|Any CPU
		{B66734D7-5B6D-4836-B83A-F0808C220642}.Release|Any CPU.Build.0 = Release|Any CPU
	EndGlobalSection
	GlobalSection(SolutionProperties) = preSolution
		HideSolutionNode = FALSE
	EndGlobalSection
	GlobalSection(ExtensibilityGlobals) = postSolution
		SolutionGuid = {7EA155AD-031B-4F88-B87A-88785C12B219}
	EndGlobalSection
EndGlobal
